// !$*UTF8*$!
{
	archiveVersion = 1;
	classes = {
	};
	objectVersion = 46;
	objects = {

/* Begin PBXBuildFile section */
		982CF1071EFBD7040086649C /* TabView.swift in Sources */ = {isa = PBXBuildFile; fileRef = 982CF1061EFBD7040086649C /* TabView.swift */; };
		982CF1091EFBD70B0086649C /* TabItemView.swift in Sources */ = {isa = PBXBuildFile; fileRef = 982CF1081EFBD70B0086649C /* TabItemView.swift */; };
		98B984871F15C57800FCDD0B /* UIViewExtension.swift in Sources */ = {isa = PBXBuildFile; fileRef = 98B984861F15C57800FCDD0B /* UIViewExtension.swift */; };
		98B984891F15CAEB00FCDD0B /* PopupViewController.swift in Sources */ = {isa = PBXBuildFile; fileRef = 98B984881F15CAEB00FCDD0B /* PopupViewController.swift */; };
		98D59CA01F09E2150028EAEA /* SwipeMenuViewController.framework in Frameworks */ = {isa = PBXBuildFile; fileRef = 98EEED431EFA627000A149EB /* SwipeMenuViewController.framework */; };
		98D59CA11F09E2150028EAEA /* SwipeMenuViewController.framework in Embed Frameworks */ = {isa = PBXBuildFile; fileRef = 98EEED431EFA627000A149EB /* SwipeMenuViewController.framework */; settings = {ATTRIBUTES = (CodeSignOnCopy, RemoveHeadersOnCopy, ); }; };
		98E73FB81F0B95DD0063DF18 /* ContentViewController.swift in Sources */ = {isa = PBXBuildFile; fileRef = 98E73FB71F0B95DD0063DF18 /* ContentViewController.swift */; };
		98E73FC11F0E1D230063DF18 /* ContentView.swift in Sources */ = {isa = PBXBuildFile; fileRef = 98E73FC01F0E1D230063DF18 /* ContentView.swift */; };
		98EEED481EFA627000A149EB /* SwipeMenuViewController.h in Headers */ = {isa = PBXBuildFile; fileRef = 98EEED461EFA627000A149EB /* SwipeMenuViewController.h */; settings = {ATTRIBUTES = (Public, ); }; };
		98EEED561EFA62D900A149EB /* AppDelegate.swift in Sources */ = {isa = PBXBuildFile; fileRef = 98EEED551EFA62D900A149EB /* AppDelegate.swift */; };
		98EEED581EFA62D900A149EB /* ViewController.swift in Sources */ = {isa = PBXBuildFile; fileRef = 98EEED571EFA62D900A149EB /* ViewController.swift */; };
		98EEED5B1EFA62D900A149EB /* Main.storyboard in Resources */ = {isa = PBXBuildFile; fileRef = 98EEED591EFA62D900A149EB /* Main.storyboard */; };
		98EEED5D1EFA62D900A149EB /* Assets.xcassets in Resources */ = {isa = PBXBuildFile; fileRef = 98EEED5C1EFA62D900A149EB /* Assets.xcassets */; };
		98EEED601EFA62D900A149EB /* LaunchScreen.storyboard in Resources */ = {isa = PBXBuildFile; fileRef = 98EEED5E1EFA62D900A149EB /* LaunchScreen.storyboard */; };
		98EEED661EFA637B00A149EB /* SwipeMenuViewController.swift in Sources */ = {isa = PBXBuildFile; fileRef = 98EEED651EFA637B00A149EB /* SwipeMenuViewController.swift */; };
		98EEED681EFA638700A149EB /* SwipeMenuView.swift in Sources */ = {isa = PBXBuildFile; fileRef = 98EEED671EFA638700A149EB /* SwipeMenuView.swift */; };
/* End PBXBuildFile section */

/* Begin PBXContainerItemProxy section */
		98D59CA21F09E2150028EAEA /* PBXContainerItemProxy */ = {
			isa = PBXContainerItemProxy;
			containerPortal = 98EEED3A1EFA627000A149EB /* Project object */;
			proxyType = 1;
			remoteGlobalIDString = 98EEED421EFA627000A149EB;
			remoteInfo = SwipeMenuViewController;
		};
/* End PBXContainerItemProxy section */

/* Begin PBXCopyFilesBuildPhase section */
		98D59CA41F09E2150028EAEA /* Embed Frameworks */ = {
			isa = PBXCopyFilesBuildPhase;
			buildActionMask = 2147483647;
			dstPath = "";
			dstSubfolderSpec = 10;
			files = (
				98D59CA11F09E2150028EAEA /* SwipeMenuViewController.framework in Embed Frameworks */,
			);
			name = "Embed Frameworks";
			runOnlyForDeploymentPostprocessing = 0;
		};
/* End PBXCopyFilesBuildPhase section */

/* Begin PBXFileReference section */
		982CF1061EFBD7040086649C /* TabView.swift */ = {isa = PBXFileReference; fileEncoding = 4; lastKnownFileType = sourcecode.swift; path = TabView.swift; sourceTree = "<group>"; };
		982CF1081EFBD70B0086649C /* TabItemView.swift */ = {isa = PBXFileReference; fileEncoding = 4; lastKnownFileType = sourcecode.swift; path = TabItemView.swift; sourceTree = "<group>"; };
		98B984861F15C57800FCDD0B /* UIViewExtension.swift */ = {isa = PBXFileReference; fileEncoding = 4; lastKnownFileType = sourcecode.swift; path = UIViewExtension.swift; sourceTree = "<group>"; };
		98B984881F15CAEB00FCDD0B /* PopupViewController.swift */ = {isa = PBXFileReference; fileEncoding = 4; lastKnownFileType = sourcecode.swift; path = PopupViewController.swift; sourceTree = "<group>"; };
		98E73FB71F0B95DD0063DF18 /* ContentViewController.swift */ = {isa = PBXFileReference; fileEncoding = 4; lastKnownFileType = sourcecode.swift; path = ContentViewController.swift; sourceTree = "<group>"; };
		98E73FC01F0E1D230063DF18 /* ContentView.swift */ = {isa = PBXFileReference; fileEncoding = 4; lastKnownFileType = sourcecode.swift; path = ContentView.swift; sourceTree = "<group>"; };
		98EEED431EFA627000A149EB /* SwipeMenuViewController.framework */ = {isa = PBXFileReference; explicitFileType = wrapper.framework; includeInIndex = 0; path = SwipeMenuViewController.framework; sourceTree = BUILT_PRODUCTS_DIR; };
		98EEED461EFA627000A149EB /* SwipeMenuViewController.h */ = {isa = PBXFileReference; lastKnownFileType = sourcecode.c.h; path = SwipeMenuViewController.h; sourceTree = "<group>"; };
		98EEED471EFA627000A149EB /* Info.plist */ = {isa = PBXFileReference; lastKnownFileType = text.plist.xml; path = Info.plist; sourceTree = "<group>"; };
		98EEED531EFA62D900A149EB /* Example.app */ = {isa = PBXFileReference; explicitFileType = wrapper.application; includeInIndex = 0; path = Example.app; sourceTree = BUILT_PRODUCTS_DIR; };
		98EEED551EFA62D900A149EB /* AppDelegate.swift */ = {isa = PBXFileReference; lastKnownFileType = sourcecode.swift; path = AppDelegate.swift; sourceTree = "<group>"; };
		98EEED571EFA62D900A149EB /* ViewController.swift */ = {isa = PBXFileReference; lastKnownFileType = sourcecode.swift; path = ViewController.swift; sourceTree = "<group>"; };
		98EEED5A1EFA62D900A149EB /* Base */ = {isa = PBXFileReference; lastKnownFileType = file.storyboard; name = Base; path = Base.lproj/Main.storyboard; sourceTree = "<group>"; };
		98EEED5C1EFA62D900A149EB /* Assets.xcassets */ = {isa = PBXFileReference; lastKnownFileType = folder.assetcatalog; path = Assets.xcassets; sourceTree = "<group>"; };
		98EEED5F1EFA62D900A149EB /* Base */ = {isa = PBXFileReference; lastKnownFileType = file.storyboard; name = Base; path = Base.lproj/LaunchScreen.storyboard; sourceTree = "<group>"; };
		98EEED611EFA62D900A149EB /* Info.plist */ = {isa = PBXFileReference; lastKnownFileType = text.plist.xml; path = Info.plist; sourceTree = "<group>"; };
		98EEED651EFA637B00A149EB /* SwipeMenuViewController.swift */ = {isa = PBXFileReference; fileEncoding = 4; lastKnownFileType = sourcecode.swift; path = SwipeMenuViewController.swift; sourceTree = "<group>"; };
		98EEED671EFA638700A149EB /* SwipeMenuView.swift */ = {isa = PBXFileReference; fileEncoding = 4; lastKnownFileType = sourcecode.swift; path = SwipeMenuView.swift; sourceTree = "<group>"; };
/* End PBXFileReference section */

/* Begin PBXFrameworksBuildPhase section */
		98EEED3F1EFA627000A149EB /* Frameworks */ = {
			isa = PBXFrameworksBuildPhase;
			buildActionMask = 2147483647;
			files = (
			);
			runOnlyForDeploymentPostprocessing = 0;
		};
		98EEED501EFA62D900A149EB /* Frameworks */ = {
			isa = PBXFrameworksBuildPhase;
			buildActionMask = 2147483647;
			files = (
				98D59CA01F09E2150028EAEA /* SwipeMenuViewController.framework in Frameworks */,
			);
			runOnlyForDeploymentPostprocessing = 0;
		};
/* End PBXFrameworksBuildPhase section */

/* Begin PBXGroup section */
		98EEED391EFA627000A149EB = {
			isa = PBXGroup;
			children = (
				98EEED541EFA62D900A149EB /* Example */,
				98EEED441EFA627000A149EB /* Products */,
				98EEED451EFA627000A149EB /* Sources */,
			);
			sourceTree = "<group>";
		};
		98EEED441EFA627000A149EB /* Products */ = {
			isa = PBXGroup;
			children = (
				98EEED431EFA627000A149EB /* SwipeMenuViewController.framework */,
				98EEED531EFA62D900A149EB /* Example.app */,
			);
			name = Products;
			sourceTree = "<group>";
		};
		98EEED451EFA627000A149EB /* Sources */ = {
			isa = PBXGroup;
			children = (
				98EEED4E1EFA62AE00A149EB /* Supporting files */,
				98E73FC01F0E1D230063DF18 /* ContentView.swift */,
				98EEED671EFA638700A149EB /* SwipeMenuView.swift */,
				98EEED651EFA637B00A149EB /* SwipeMenuViewController.swift */,
				982CF1081EFBD70B0086649C /* TabItemView.swift */,
				982CF1061EFBD7040086649C /* TabView.swift */,
			);
			path = Sources;
			sourceTree = "<group>";
		};
		98EEED4E1EFA62AE00A149EB /* Supporting files */ = {
			isa = PBXGroup;
			children = (
				98EEED471EFA627000A149EB /* Info.plist */,
				98EEED461EFA627000A149EB /* SwipeMenuViewController.h */,
			);
			path = "Supporting files";
			sourceTree = "<group>";
		};
		98EEED541EFA62D900A149EB /* Example */ = {
			isa = PBXGroup;
			children = (
				98EEED551EFA62D900A149EB /* AppDelegate.swift */,
				98EEED5C1EFA62D900A149EB /* Assets.xcassets */,
				98E73FB71F0B95DD0063DF18 /* ContentViewController.swift */,
				98EEED611EFA62D900A149EB /* Info.plist */,
				98EEED5E1EFA62D900A149EB /* LaunchScreen.storyboard */,
				98EEED591EFA62D900A149EB /* Main.storyboard */,
				98B984881F15CAEB00FCDD0B /* PopupViewController.swift */,
				98B984861F15C57800FCDD0B /* UIViewExtension.swift */,
				98EEED571EFA62D900A149EB /* ViewController.swift */,
			);
			path = Example;
			sourceTree = "<group>";
		};
/* End PBXGroup section */

/* Begin PBXHeadersBuildPhase section */
		98EEED401EFA627000A149EB /* Headers */ = {
			isa = PBXHeadersBuildPhase;
			buildActionMask = 2147483647;
			files = (
				98EEED481EFA627000A149EB /* SwipeMenuViewController.h in Headers */,
			);
			runOnlyForDeploymentPostprocessing = 0;
		};
/* End PBXHeadersBuildPhase section */

/* Begin PBXNativeTarget section */
		98EEED421EFA627000A149EB /* SwipeMenuViewController */ = {
			isa = PBXNativeTarget;
			buildConfigurationList = 98EEED4B1EFA627000A149EB /* Build configuration list for PBXNativeTarget "SwipeMenuViewController" */;
			buildPhases = (
				98EEED3E1EFA627000A149EB /* Sources */,
				98EEED3F1EFA627000A149EB /* Frameworks */,
				98EEED401EFA627000A149EB /* Headers */,
				98EEED411EFA627000A149EB /* Resources */,
			);
			buildRules = (
			);
			dependencies = (
			);
			name = SwipeMenuViewController;
			productName = SwipeMenuViewController;
			productReference = 98EEED431EFA627000A149EB /* SwipeMenuViewController.framework */;
			productType = "com.apple.product-type.framework";
		};
		98EEED521EFA62D900A149EB /* Example */ = {
			isa = PBXNativeTarget;
			buildConfigurationList = 98EEED621EFA62D900A149EB /* Build configuration list for PBXNativeTarget "Example" */;
			buildPhases = (
				98EEED4F1EFA62D900A149EB /* Sources */,
				98EEED501EFA62D900A149EB /* Frameworks */,
				98EEED511EFA62D900A149EB /* Resources */,
				98D59CA41F09E2150028EAEA /* Embed Frameworks */,
			);
			buildRules = (
			);
			dependencies = (
				98D59CA31F09E2150028EAEA /* PBXTargetDependency */,
			);
			name = Example;
			productName = Example;
			productReference = 98EEED531EFA62D900A149EB /* Example.app */;
			productType = "com.apple.product-type.application";
		};
/* End PBXNativeTarget section */

/* Begin PBXProject section */
		98EEED3A1EFA627000A149EB /* Project object */ = {
			isa = PBXProject;
			attributes = {
				LastSwiftUpdateCheck = 0830;
				LastUpgradeCheck = 0830;
				ORGANIZATIONNAME = yysskk;
				TargetAttributes = {
					98EEED421EFA627000A149EB = {
						CreatedOnToolsVersion = 8.3;
						LastSwiftMigration = 0830;
						ProvisioningStyle = Manual;
					};
					98EEED521EFA62D900A149EB = {
						CreatedOnToolsVersion = 8.3;
						ProvisioningStyle = Manual;
					};
				};
			};
			buildConfigurationList = 98EEED3D1EFA627000A149EB /* Build configuration list for PBXProject "SwipeMenuViewController" */;
			compatibilityVersion = "Xcode 3.2";
			developmentRegion = English;
			hasScannedForEncodings = 0;
			knownRegions = (
				en,
				Base,
			);
			mainGroup = 98EEED391EFA627000A149EB;
			productRefGroup = 98EEED441EFA627000A149EB /* Products */;
			projectDirPath = "";
			projectRoot = "";
			targets = (
				98EEED421EFA627000A149EB /* SwipeMenuViewController */,
				98EEED521EFA62D900A149EB /* Example */,
			);
		};
/* End PBXProject section */

/* Begin PBXResourcesBuildPhase section */
		98EEED411EFA627000A149EB /* Resources */ = {
			isa = PBXResourcesBuildPhase;
			buildActionMask = 2147483647;
			files = (
			);
			runOnlyForDeploymentPostprocessing = 0;
		};
		98EEED511EFA62D900A149EB /* Resources */ = {
			isa = PBXResourcesBuildPhase;
			buildActionMask = 2147483647;
			files = (
				98EEED601EFA62D900A149EB /* LaunchScreen.storyboard in Resources */,
				98EEED5D1EFA62D900A149EB /* Assets.xcassets in Resources */,
				98EEED5B1EFA62D900A149EB /* Main.storyboard in Resources */,
			);
			runOnlyForDeploymentPostprocessing = 0;
		};
/* End PBXResourcesBuildPhase section */

/* Begin PBXSourcesBuildPhase section */
		98EEED3E1EFA627000A149EB /* Sources */ = {
			isa = PBXSourcesBuildPhase;
			buildActionMask = 2147483647;
			files = (
				982CF1091EFBD70B0086649C /* TabItemView.swift in Sources */,
				98E73FC11F0E1D230063DF18 /* ContentView.swift in Sources */,
				98EEED681EFA638700A149EB /* SwipeMenuView.swift in Sources */,
				982CF1071EFBD7040086649C /* TabView.swift in Sources */,
				98EEED661EFA637B00A149EB /* SwipeMenuViewController.swift in Sources */,
			);
			runOnlyForDeploymentPostprocessing = 0;
		};
		98EEED4F1EFA62D900A149EB /* Sources */ = {
			isa = PBXSourcesBuildPhase;
			buildActionMask = 2147483647;
			files = (
				98B984891F15CAEB00FCDD0B /* PopupViewController.swift in Sources */,
				98EEED581EFA62D900A149EB /* ViewController.swift in Sources */,
				98E73FB81F0B95DD0063DF18 /* ContentViewController.swift in Sources */,
				98B984871F15C57800FCDD0B /* UIViewExtension.swift in Sources */,
				98EEED561EFA62D900A149EB /* AppDelegate.swift in Sources */,
			);
			runOnlyForDeploymentPostprocessing = 0;
		};
/* End PBXSourcesBuildPhase section */

/* Begin PBXTargetDependency section */
		98D59CA31F09E2150028EAEA /* PBXTargetDependency */ = {
			isa = PBXTargetDependency;
			target = 98EEED421EFA627000A149EB /* SwipeMenuViewController */;
			targetProxy = 98D59CA21F09E2150028EAEA /* PBXContainerItemProxy */;
		};
/* End PBXTargetDependency section */

/* Begin PBXVariantGroup section */
		98EEED591EFA62D900A149EB /* Main.storyboard */ = {
			isa = PBXVariantGroup;
			children = (
				98EEED5A1EFA62D900A149EB /* Base */,
			);
			name = Main.storyboard;
			path = .;
			sourceTree = "<group>";
		};
		98EEED5E1EFA62D900A149EB /* LaunchScreen.storyboard */ = {
			isa = PBXVariantGroup;
			children = (
				98EEED5F1EFA62D900A149EB /* Base */,
			);
			name = LaunchScreen.storyboard;
			path = .;
			sourceTree = "<group>";
		};
/* End PBXVariantGroup section */

/* Begin XCBuildConfiguration section */
		98EEED491EFA627000A149EB /* Debug */ = {
			isa = XCBuildConfiguration;
			buildSettings = {
				ALWAYS_SEARCH_USER_PATHS = NO;
				CLANG_ANALYZER_NONNULL = YES;
				CLANG_ANALYZER_NUMBER_OBJECT_CONVERSION = YES_AGGRESSIVE;
				CLANG_CXX_LANGUAGE_STANDARD = "gnu++0x";
				CLANG_CXX_LIBRARY = "libc++";
				CLANG_ENABLE_MODULES = YES;
				CLANG_ENABLE_OBJC_ARC = YES;
				CLANG_WARN_BOOL_CONVERSION = YES;
				CLANG_WARN_CONSTANT_CONVERSION = YES;
				CLANG_WARN_DIRECT_OBJC_ISA_USAGE = YES_ERROR;
				CLANG_WARN_DOCUMENTATION_COMMENTS = YES;
				CLANG_WARN_EMPTY_BODY = YES;
				CLANG_WARN_ENUM_CONVERSION = YES;
				CLANG_WARN_INFINITE_RECURSION = YES;
				CLANG_WARN_INT_CONVERSION = YES;
				CLANG_WARN_OBJC_ROOT_CLASS = YES_ERROR;
				CLANG_WARN_SUSPICIOUS_MOVE = YES;
				CLANG_WARN_UNREACHABLE_CODE = YES;
				CLANG_WARN__DUPLICATE_METHOD_MATCH = YES;
				"CODE_SIGN_IDENTITY[sdk=iphoneos*]" = "iPhone Developer";
				COPY_PHASE_STRIP = NO;
				CURRENT_PROJECT_VERSION = 1;
				DEBUG_INFORMATION_FORMAT = dwarf;
				ENABLE_STRICT_OBJC_MSGSEND = YES;
				ENABLE_TESTABILITY = YES;
				GCC_C_LANGUAGE_STANDARD = gnu99;
				GCC_DYNAMIC_NO_PIC = NO;
				GCC_NO_COMMON_BLOCKS = YES;
				GCC_OPTIMIZATION_LEVEL = 0;
				GCC_PREPROCESSOR_DEFINITIONS = (
					"DEBUG=1",
					"$(inherited)",
				);
				GCC_WARN_64_TO_32_BIT_CONVERSION = YES;
				GCC_WARN_ABOUT_RETURN_TYPE = YES_ERROR;
				GCC_WARN_UNDECLARED_SELECTOR = YES;
				GCC_WARN_UNINITIALIZED_AUTOS = YES_AGGRESSIVE;
				GCC_WARN_UNUSED_FUNCTION = YES;
				GCC_WARN_UNUSED_VARIABLE = YES;
				IPHONEOS_DEPLOYMENT_TARGET = 10.3;
				MTL_ENABLE_DEBUG_INFO = YES;
				ONLY_ACTIVE_ARCH = YES;
				SDKROOT = iphoneos;
				SWIFT_ACTIVE_COMPILATION_CONDITIONS = DEBUG;
				SWIFT_OPTIMIZATION_LEVEL = "-Onone";
				TARGETED_DEVICE_FAMILY = "1,2";
				VERSIONING_SYSTEM = "apple-generic";
				VERSION_INFO_PREFIX = "";
			};
			name = Debug;
		};
		98EEED4A1EFA627000A149EB /* Release */ = {
			isa = XCBuildConfiguration;
			buildSettings = {
				ALWAYS_SEARCH_USER_PATHS = NO;
				CLANG_ANALYZER_NONNULL = YES;
				CLANG_ANALYZER_NUMBER_OBJECT_CONVERSION = YES_AGGRESSIVE;
				CLANG_CXX_LANGUAGE_STANDARD = "gnu++0x";
				CLANG_CXX_LIBRARY = "libc++";
				CLANG_ENABLE_MODULES = YES;
				CLANG_ENABLE_OBJC_ARC = YES;
				CLANG_WARN_BOOL_CONVERSION = YES;
				CLANG_WARN_CONSTANT_CONVERSION = YES;
				CLANG_WARN_DIRECT_OBJC_ISA_USAGE = YES_ERROR;
				CLANG_WARN_DOCUMENTATION_COMMENTS = YES;
				CLANG_WARN_EMPTY_BODY = YES;
				CLANG_WARN_ENUM_CONVERSION = YES;
				CLANG_WARN_INFINITE_RECURSION = YES;
				CLANG_WARN_INT_CONVERSION = YES;
				CLANG_WARN_OBJC_ROOT_CLASS = YES_ERROR;
				CLANG_WARN_SUSPICIOUS_MOVE = YES;
				CLANG_WARN_UNREACHABLE_CODE = YES;
				CLANG_WARN__DUPLICATE_METHOD_MATCH = YES;
				"CODE_SIGN_IDENTITY[sdk=iphoneos*]" = "iPhone Developer";
				COPY_PHASE_STRIP = NO;
				CURRENT_PROJECT_VERSION = 1;
				DEBUG_INFORMATION_FORMAT = "dwarf-with-dsym";
				ENABLE_NS_ASSERTIONS = NO;
				ENABLE_STRICT_OBJC_MSGSEND = YES;
				GCC_C_LANGUAGE_STANDARD = gnu99;
				GCC_NO_COMMON_BLOCKS = YES;
				GCC_WARN_64_TO_32_BIT_CONVERSION = YES;
				GCC_WARN_ABOUT_RETURN_TYPE = YES_ERROR;
				GCC_WARN_UNDECLARED_SELECTOR = YES;
				GCC_WARN_UNINITIALIZED_AUTOS = YES_AGGRESSIVE;
				GCC_WARN_UNUSED_FUNCTION = YES;
				GCC_WARN_UNUSED_VARIABLE = YES;
				IPHONEOS_DEPLOYMENT_TARGET = 10.3;
				MTL_ENABLE_DEBUG_INFO = NO;
				SDKROOT = iphoneos;
				SWIFT_OPTIMIZATION_LEVEL = "-Owholemodule";
				TARGETED_DEVICE_FAMILY = "1,2";
				VALIDATE_PRODUCT = YES;
				VERSIONING_SYSTEM = "apple-generic";
				VERSION_INFO_PREFIX = "";
			};
			name = Release;
		};
		98EEED4C1EFA627000A149EB /* Debug */ = {
			isa = XCBuildConfiguration;
			buildSettings = {
				CLANG_ENABLE_MODULES = YES;
				CODE_SIGN_IDENTITY = "";
				"CODE_SIGN_IDENTITY[sdk=iphoneos*]" = "iPhone Developer";
				DEFINES_MODULE = YES;
				DEVELOPMENT_TEAM = "";
				DYLIB_COMPATIBILITY_VERSION = 1;
				DYLIB_CURRENT_VERSION = 1;
				DYLIB_INSTALL_NAME_BASE = "@rpath";
				INFOPLIST_FILE = "Sources/Supporting files/Info.plist";
				INSTALL_PATH = "$(LOCAL_LIBRARY_DIR)/Frameworks";
				LD_RUNPATH_SEARCH_PATHS = "$(inherited) @executable_path/Frameworks @loader_path/Frameworks";
				PRODUCT_BUNDLE_IDENTIFIER = cc.yysskk.SwipeMenuViewController;
				PRODUCT_NAME = "$(TARGET_NAME)";
				PROVISIONING_PROFILE_SPECIFIER = "";
				SKIP_INSTALL = YES;
				SWIFT_OPTIMIZATION_LEVEL = "-Onone";
				SWIFT_VERSION = 3.0;
			};
			name = Debug;
		};
		98EEED4D1EFA627000A149EB /* Release */ = {
			isa = XCBuildConfiguration;
			buildSettings = {
				CLANG_ENABLE_MODULES = YES;
				CODE_SIGN_IDENTITY = "";
				DEFINES_MODULE = YES;
				DEVELOPMENT_TEAM = "";
				DYLIB_COMPATIBILITY_VERSION = 1;
				DYLIB_CURRENT_VERSION = 1;
				DYLIB_INSTALL_NAME_BASE = "@rpath";
				INFOPLIST_FILE = "Sources/Supporting files/Info.plist";
				INSTALL_PATH = "$(LOCAL_LIBRARY_DIR)/Frameworks";
				LD_RUNPATH_SEARCH_PATHS = "$(inherited) @executable_path/Frameworks @loader_path/Frameworks";
				PRODUCT_BUNDLE_IDENTIFIER = cc.yysskk.SwipeMenuViewController;
				PRODUCT_NAME = "$(TARGET_NAME)";
				PROVISIONING_PROFILE_SPECIFIER = "";
				SKIP_INSTALL = YES;
				SWIFT_VERSION = 3.0;
			};
			name = Release;
		};
		98EEED631EFA62D900A149EB /* Debug */ = {
			isa = XCBuildConfiguration;
			buildSettings = {
				ALWAYS_EMBED_SWIFT_STANDARD_LIBRARIES = YES;
				ASSETCATALOG_COMPILER_APPICON_NAME = AppIcon;
				DEVELOPMENT_TEAM = "";
				INFOPLIST_FILE = Example/Info.plist;
				LD_RUNPATH_SEARCH_PATHS = "$(inherited) @executable_path/Frameworks";
				PRODUCT_BUNDLE_IDENTIFIER = cc.yysskk.Example;
				PRODUCT_NAME = "$(TARGET_NAME)";
				PROVISIONING_PROFILE_SPECIFIER = "";
				SWIFT_VERSION = 3.0;
			};
			name = Debug;
		};
		98EEED641EFA62D900A149EB /* Release */ = {
			isa = XCBuildConfiguration;
			buildSettings = {
				ALWAYS_EMBED_SWIFT_STANDARD_LIBRARIES = YES;
				ASSETCATALOG_COMPILER_APPICON_NAME = AppIcon;
				DEVELOPMENT_TEAM = "";
				INFOPLIST_FILE = Example/Info.plist;
				LD_RUNPATH_SEARCH_PATHS = "$(inherited) @executable_path/Frameworks";
				PRODUCT_BUNDLE_IDENTIFIER = cc.yysskk.Example;
				PRODUCT_NAME = "$(TARGET_NAME)";
				PROVISIONING_PROFILE_SPECIFIER = "";
				SWIFT_VERSION = 3.0;
			};
			name = Release;
		};
/* End XCBuildConfiguration section */

/* Begin XCConfigurationList section */
		98EEED3D1EFA627000A149EB /* Build configuration list for PBXProject "SwipeMenuViewController" */ = {
			isa = XCConfigurationList;
			buildConfigurations = (
				98EEED491EFA627000A149EB /* Debug */,
				98EEED4A1EFA627000A149EB /* Release */,
			);
			defaultConfigurationIsVisible = 0;
			defaultConfigurationName = Release;
		};
		98EEED4B1EFA627000A149EB /* Build configuration list for PBXNativeTarget "SwipeMenuViewController" */ = {
			isa = XCConfigurationList;
			buildConfigurations = (
				98EEED4C1EFA627000A149EB /* Debug */,
				98EEED4D1EFA627000A149EB /* Release */,
			);
			defaultConfigurationIsVisible = 0;
			defaultConfigurationName = Release;
		};
		98EEED621EFA62D900A149EB /* Build configuration list for PBXNativeTarget "Example" */ = {
			isa = XCConfigurationList;
			buildConfigurations = (
				98EEED631EFA62D900A149EB /* Debug */,
				98EEED641EFA62D900A149EB /* Release */,
			);
			defaultConfigurationIsVisible = 0;
			defaultConfigurationName = Release;
		};
/* End XCConfigurationList section */
	};
	rootObject = 98EEED3A1EFA627000A149EB /* Project object */;
}
